
Microsoft Visual Studio Solution File, Format Version 11.00
# Visual Studio 2010
Project("{FAE04EC0-301F-11D3-BF4B-00C04F79EFBC}") = "SempA", "Assembly-CSharp.csproj", "{57437513-7DC2-7CD0-6EF7-AAF4792D586D}"
EndProject
Project("{FAE04EC0-301F-11D3-BF4B-00C04F79EFBC}") = "SempA", "Assembly-CSharp-firstpass.csproj", "{464F4FB6-941C-39C1-2085-39921FFF92AD}"
EndProject
Project("{FAE04EC0-301F-11D3-BF4B-00C04F79EFBC}") = "SempA", "Assembly-CSharp-Editor.csproj", "{B3FCBC00-F45C-C604-759D-26AD4E0870C8}"
EndProject
Project("{FAE04EC0-301F-11D3-BF4B-00C04F79EFBC}") = "SempA", "Assembly-CSharp-Editor-firstpass.csproj", "{0DE4B42C-60ED-9D95-AFA3-6A86871D11E7}"
EndProject
Global
	GlobalSection(SolutionConfigurationPlatforms) = preSolution
		Debug|Any CPU = Debug|Any CPU
		Release|Any CPU = Release|Any CPU
	EndGlobalSection
	GlobalSection(ProjectConfigurationPlatforms) = postSolution
		{57437513-7DC2-7CD0-6EF7-AAF4792D586D}.Debug|Any CPU.ActiveCfg = Debug|Any CPU
		{57437513-7DC2-7CD0-6EF7-AAF4792D586D}.Debug|Any CPU.Build.0 = Debug|Any CPU
		{57437513-7DC2-7CD0-6EF7-AAF4792D586D}.Release|Any CPU.ActiveCfg = Release|Any CPU
		{57437513-7DC2-7CD0-6EF7-AAF4792D586D}.Release|Any CPU.Build.0 = Release|Any CPU
		{464F4FB6-941C-39C1-2085-39921FFF92AD}.Debug|Any CPU.ActiveCfg = Debug|Any CPU
		{464F4FB6-941C-39C1-2085-39921FFF92AD}.Debug|Any CPU.Build.0 = Debug|Any CPU
		{464F4FB6-941C-39C1-2085-39921FFF92AD}.Release|Any CPU.ActiveCfg = Release|Any CPU
		{464F4FB6-941C-39C1-2085-39921FFF92AD}.Release|Any CPU.Build.0 = Release|Any CPU
		{B3FCBC00-F45C-C604-759D-26AD4E0870C8}.Debug|Any CPU.ActiveCfg = Debug|Any CPU
		{B3FCBC00-F45C-C604-759D-26AD4E0870C8}.Debug|Any CPU.Build.0 = Debug|Any CPU
		{B3FCBC00-F45C-C604-759D-26AD4E0870C8}.Release|Any CPU.ActiveCfg = Release|Any CPU
		{B3FCBC00-F45C-C604-759D-26AD4E0870C8}.Release|Any CPU.Build.0 = Release|Any CPU
		{0DE4B42C-60ED-9D95-AFA3-6A86871D11E7}.Debug|Any CPU.ActiveCfg = Debug|Any CPU
		{0DE4B42C-60ED-9D95-AFA3-6A86871D11E7}.Debug|Any CPU.Build.0 = Debug|Any CPU
		{0DE4B42C-60ED-9D95-AFA3-6A86871D11E7}.Release|Any CPU.ActiveCfg = Release|Any CPU
		{0DE4B42C-60ED-9D95-AFA3-6A86871D11E7}.Release|Any CPU.Build.0 = Release|Any CPU
	EndGlobalSection
	GlobalSection(SolutionProperties) = preSolution
		HideSolutionNode = FALSE
	EndGlobalSection
	GlobalSection(MonoDevelopProperties) = preSolution
		StartupItem = Assembly-CSharp.csproj
	EndGlobalSection
EndGlobal
